
Microsoft Visual Studio Solution File, Format Version 12.00
# Visual Studio 15
VisualStudioVersion = 15.0.28307.421
MinimumVisualStudioVersion = 10.0.40219.1
Project("{FAE04EC0-301F-11D3-BF4B-00C04F79EFBC}") = "Deliverable 1", "Deliverable 1\Deliverable 1.csproj", "{ABF197CB-E108-42C7-898C-834ACEC0775E}"
EndProject
Global
	GlobalSection(SolutionConfigurationPlatforms) = preSolution
		Debug|Any CPU = Debug|Any CPU
		Release|Any CPU = Release|Any CPU
	EndGlobalSection
	GlobalSection(ProjectConfigurationPlatforms) = postSolution
		{ABF197CB-E108-42C7-898C-834ACEC0775E}.Debug|Any CPU.ActiveCfg = Debug|Any CPU
		{ABF197CB-E108-42C7-898C-834ACEC0775E}.Debug|Any CPU.Build.0 = Debug|Any CPU
		{ABF197CB-E108-42C7-898C-834ACEC0775E}.Release|Any CPU.ActiveCfg = Release|Any CPU
		{ABF197CB-E108-42C7-898C-834ACEC0775E}.Release|Any CPU.Build.0 = Release|Any CPU
	EndGlobalSection
	GlobalSection(SolutionProperties) = preSolution
		HideSolutionNode = FALSE
	EndGlobalSection
	GlobalSection(ExtensibilityGlobals) = postSolution
		SolutionGuid = {CF329A28-7166-4E8C-8162-BD3B0AE07BE6}
	EndGlobalSection
EndGlobal
